{
  "name": "devhcor",
  "version": "1.4.0",
  "lockfileVersion": 1,
  "requires": true,
  "dependencies": {
    "bower": {
      "version": "1.8.4",
      "resolved": "http://10.10.3.171:4873/bower/-/bower-1.8.4.tgz",
      "integrity": "sha1-54dqB23rgTf30GUl3F6MZtuC8oo="
    },
    "http-status-cats": {
      "version": "1.0.0",
      "resolved": "http://localhost:4873/http-status-cats/-/http-status-cats-1.0.0.tgz",
      "integrity": "sha1-fMjqDIsBg2hSsMSkfu3IHIm4EUs="
    },
    "testepedao": {
      "version": "1.0.0",
      "resolved": "http://localhost:4873/testepedao/-/testepedao-1.0.0.tgz",
      "integrity": "sha512-QHVBUw+cfs7VuSyKCeFaosotQFixiRceKo1iCtc6lZ9ZC1suE7oodKEuWTHj3Mf8tkoOcfpXHu3yQ5LIpJYUrQ==",
      "requires": {
        "http-status-cats": "1.0.0"
      }
    }
  }
}
